
Microsoft Visual Studio Solution File, Format Version 12.00
# Visual Studio Version 17
VisualStudioVersion = 17.0.32014.148
MinimumVisualStudioVersion = 10.0.40219.1
Project("{FAE04EC0-301F-11D3-BF4B-00C04F79EFBC}") = "SchoolWebAPI", "SchoolWebAPI\SchoolWebAPI.csproj", "{F13FABFD-3203-4BFB-A715-C3C902761F2F}"
EndProject
Project("{FAE04EC0-301F-11D3-BF4B-00C04F79EFBC}") = "DataAccess", "DataAccess\DataAccess.csproj", "{47370663-F3C6-42B8-83BB-3C3C9BCD53C3}"
EndProject
Global
	GlobalSection(SolutionConfigurationPlatforms) = preSolution
		Debug|Any CPU = Debug|Any CPU
		Release|Any CPU = Release|Any CPU
	EndGlobalSection
	GlobalSection(ProjectConfigurationPlatforms) = postSolution
		{F13FABFD-3203-4BFB-A715-C3C902761F2F}.Debug|Any CPU.ActiveCfg = Debug|Any CPU
		{F13FABFD-3203-4BFB-A715-C3C902761F2F}.Debug|Any CPU.Build.0 = Debug|Any CPU
		{F13FABFD-3203-4BFB-A715-C3C902761F2F}.Release|Any CPU.ActiveCfg = Release|Any CPU
		{F13FABFD-3203-4BFB-A715-C3C902761F2F}.Release|Any CPU.Build.0 = Release|Any CPU
		{47370663-F3C6-42B8-83BB-3C3C9BCD53C3}.Debug|Any CPU.ActiveCfg = Debug|Any CPU
		{47370663-F3C6-42B8-83BB-3C3C9BCD53C3}.Debug|Any CPU.Build.0 = Debug|Any CPU
		{47370663-F3C6-42B8-83BB-3C3C9BCD53C3}.Release|Any CPU.ActiveCfg = Release|Any CPU
		{47370663-F3C6-42B8-83BB-3C3C9BCD53C3}.Release|Any CPU.Build.0 = Release|Any CPU
	EndGlobalSection
	GlobalSection(SolutionProperties) = preSolution
		HideSolutionNode = FALSE
	EndGlobalSection
	GlobalSection(ExtensibilityGlobals) = postSolution
		SolutionGuid = {1E9FC50E-976C-46FF-B7B4-D73F49B17D18}
	EndGlobalSection
EndGlobal
